
Microsoft Visual Studio Solution File, Format Version 12.00
# Visual Studio Version 17
VisualStudioVersion = 17.0.32014.148
MinimumVisualStudioVersion = 10.0.40219.1
Project("{FAE04EC0-301F-11D3-BF4B-00C04F79EFBC}") = "JBUniversity.WebMVC", "JBUniversity.MVC\JBUniversity.WebMVC.csproj", "{5B5CBD02-08B8-449B-99A7-E0CF1B97271C}"
EndProject
Project("{FAE04EC0-301F-11D3-BF4B-00C04F79EFBC}") = "JBUniversity.Data", "JBUniversity.Data\JBUniversity.Data.csproj", "{C6F902B9-FCE2-419A-BDC5-5A5EF00ABFCA}"
EndProject
Project("{FAE04EC0-301F-11D3-BF4B-00C04F79EFBC}") = "JBUniversity.Models", "JBUniversity.Models\JBUniversity.Models.csproj", "{6B337A43-A699-4CA9-BBFA-F33DA50AD311}"
EndProject
Project("{FAE04EC0-301F-11D3-BF4B-00C04F79EFBC}") = "JBUniversity.Services", "JBUniversity.Services\JBUniversity.Services.csproj", "{129B627C-66A9-49C9-904D-0ED0D54A718F}"
EndProject
Global
	GlobalSection(SolutionConfigurationPlatforms) = preSolution
		Debug|Any CPU = Debug|Any CPU
		Release|Any CPU = Release|Any CPU
	EndGlobalSection
	GlobalSection(ProjectConfigurationPlatforms) = postSolution
		{5B5CBD02-08B8-449B-99A7-E0CF1B97271C}.Debug|Any CPU.ActiveCfg = Debug|Any CPU
		{5B5CBD02-08B8-449B-99A7-E0CF1B97271C}.Debug|Any CPU.Build.0 = Debug|Any CPU
		{5B5CBD02-08B8-449B-99A7-E0CF1B97271C}.Release|Any CPU.ActiveCfg = Release|Any CPU
		{5B5CBD02-08B8-449B-99A7-E0CF1B97271C}.Release|Any CPU.Build.0 = Release|Any CPU
		{C6F902B9-FCE2-419A-BDC5-5A5EF00ABFCA}.Debug|Any CPU.ActiveCfg = Debug|Any CPU
		{C6F902B9-FCE2-419A-BDC5-5A5EF00ABFCA}.Debug|Any CPU.Build.0 = Debug|Any CPU
		{C6F902B9-FCE2-419A-BDC5-5A5EF00ABFCA}.Release|Any CPU.ActiveCfg = Release|Any CPU
		{C6F902B9-FCE2-419A-BDC5-5A5EF00ABFCA}.Release|Any CPU.Build.0 = Release|Any CPU
		{6B337A43-A699-4CA9-BBFA-F33DA50AD311}.Debug|Any CPU.ActiveCfg = Debug|Any CPU
		{6B337A43-A699-4CA9-BBFA-F33DA50AD311}.Debug|Any CPU.Build.0 = Debug|Any CPU
		{6B337A43-A699-4CA9-BBFA-F33DA50AD311}.Release|Any CPU.ActiveCfg = Release|Any CPU
		{6B337A43-A699-4CA9-BBFA-F33DA50AD311}.Release|Any CPU.Build.0 = Release|Any CPU
		{129B627C-66A9-49C9-904D-0ED0D54A718F}.Debug|Any CPU.ActiveCfg = Debug|Any CPU
		{129B627C-66A9-49C9-904D-0ED0D54A718F}.Debug|Any CPU.Build.0 = Debug|Any CPU
		{129B627C-66A9-49C9-904D-0ED0D54A718F}.Release|Any CPU.ActiveCfg = Release|Any CPU
		{129B627C-66A9-49C9-904D-0ED0D54A718F}.Release|Any CPU.Build.0 = Release|Any CPU
	EndGlobalSection
	GlobalSection(SolutionProperties) = preSolution
		HideSolutionNode = FALSE
	EndGlobalSection
	GlobalSection(ExtensibilityGlobals) = postSolution
		SolutionGuid = {44DD5A48-7268-4FB8-B2E1-292FA23A05D9}
	EndGlobalSection
EndGlobal
